// !$*UTF8*$!
{
	archiveVersion = 1;
	classes = {
	};
	objectVersion = 55;
	objects = {

/* Begin PBXBuildFile section */
		7146681D28236A8200BD3579 /* basketballHits.wav in Resources */ = {isa = PBXBuildFile; fileRef = 7146681C28236A8200BD3579 /* basketballHits.wav */; };
		7146681F2823701F00BD3579 /* StadiumChants.wav in Resources */ = {isa = PBXBuildFile; fileRef = 7146681E2823701F00BD3579 /* StadiumChants.wav */; };
		71466821282374C700BD3579 /* TeamPlayerCell.swift in Sources */ = {isa = PBXBuildFile; fileRef = 71466820282374C700BD3579 /* TeamPlayerCell.swift */; };
		7154F34227FDE444004F199A /* AppDelegate.swift in Sources */ = {isa = PBXBuildFile; fileRef = 7154F34127FDE444004F199A /* AppDelegate.swift */; };
		7154F34427FDE444004F199A /* SceneDelegate.swift in Sources */ = {isa = PBXBuildFile; fileRef = 7154F34327FDE444004F199A /* SceneDelegate.swift */; };
		7154F34927FDE444004F199A /* Main.storyboard in Resources */ = {isa = PBXBuildFile; fileRef = 7154F34727FDE444004F199A /* Main.storyboard */; };
		7154F34C27FDE444004F199A /* NBA_Statistics_APP.xcdatamodeld in Sources */ = {isa = PBXBuildFile; fileRef = 7154F34A27FDE444004F199A /* NBA_Statistics_APP.xcdatamodeld */; };
		7154F34E27FDE44A004F199A /* Assets.xcassets in Resources */ = {isa = PBXBuildFile; fileRef = 7154F34D27FDE44A004F199A /* Assets.xcassets */; };
		7154F35127FDE44A004F199A /* LaunchScreen.storyboard in Resources */ = {isa = PBXBuildFile; fileRef = 7154F34F27FDE44A004F199A /* LaunchScreen.storyboard */; };
		715E2233281DF96B006B3CB0 /* HudView.swift in Sources */ = {isa = PBXBuildFile; fileRef = 715E2232281DF96B006B3CB0 /* HudView.swift */; };
		715E2235281F3296006B3CB0 /* TeamDetailViewController.swift in Sources */ = {isa = PBXBuildFile; fileRef = 715E2234281F3296006B3CB0 /* TeamDetailViewController.swift */; };
		715E2237281F4D12006B3CB0 /* SelectScheduleViewController.swift in Sources */ = {isa = PBXBuildFile; fileRef = 715E2236281F4D12006B3CB0 /* SelectScheduleViewController.swift */; };
		7180BF932811EED90008FF73 /* ScheduleViewController.swift in Sources */ = {isa = PBXBuildFile; fileRef = 7180BF922811EED90008FF73 /* ScheduleViewController.swift */; };
		7180BF952811EEFC0008FF73 /* ScheduleCell.swift in Sources */ = {isa = PBXBuildFile; fileRef = 7180BF942811EEFC0008FF73 /* ScheduleCell.swift */; };
		718E5B7C28183C70007C18B2 /* UIImageView+DownloadImage.swift in Sources */ = {isa = PBXBuildFile; fileRef = 718E5B7B28183C70007C18B2 /* UIImageView+DownloadImage.swift */; };
		7192E657281768A300482866 /* PlayerDetailViewController.swift in Sources */ = {isa = PBXBuildFile; fileRef = 7192E656281768A300482866 /* PlayerDetailViewController.swift */; };
		71B882F8281B112C00664047 /* RememberTabBarController.swift in Sources */ = {isa = PBXBuildFile; fileRef = 71B882F7281B112C00664047 /* RememberTabBarController.swift */; };
		71CFABC228079F5E005E5CCD /* PlayerViewController.swift in Sources */ = {isa = PBXBuildFile; fileRef = 71CFABC128079F5E005E5CCD /* PlayerViewController.swift */; };
		71CFABC62807A2E9005E5CCD /* PlayersCell.swift in Sources */ = {isa = PBXBuildFile; fileRef = 71CFABC52807A2E9005E5CCD /* PlayersCell.swift */; };
		71E1E2E02800FC1F001463E3 /* TeamCollectionViewController.swift in Sources */ = {isa = PBXBuildFile; fileRef = 71E1E2DF2800FC1F001463E3 /* TeamCollectionViewController.swift */; };
		71E1E2E22800FEC2001463E3 /* TeamCell.swift in Sources */ = {isa = PBXBuildFile; fileRef = 71E1E2E12800FEC2001463E3 /* TeamCell.swift */; };
		71E1E2E428010189001463E3 /* SportsData.swift in Sources */ = {isa = PBXBuildFile; fileRef = 71E1E2E328010189001463E3 /* SportsData.swift */; };
		71E39BBD2818E833004FAD2F /* AlertScheduleViewController.swift in Sources */ = {isa = PBXBuildFile; fileRef = 71E39BBC2818E833004FAD2F /* AlertScheduleViewController.swift */; };
/* End PBXBuildFile section */

/* Begin PBXFileReference section */
		7146681C28236A8200BD3579 /* basketballHits.wav */ = {isa = PBXFileReference; lastKnownFileType = audio.wav; path = basketballHits.wav; sourceTree = "<group>"; };
		7146681E2823701F00BD3579 /* StadiumChants.wav */ = {isa = PBXFileReference; lastKnownFileType = audio.wav; path = StadiumChants.wav; sourceTree = "<group>"; };
		71466820282374C700BD3579 /* TeamPlayerCell.swift */ = {isa = PBXFileReference; lastKnownFileType = sourcecode.swift; path = TeamPlayerCell.swift; sourceTree = "<group>"; };
		7154F33E27FDE444004F199A /* NBA Statistics APP.app */ = {isa = PBXFileReference; explicitFileType = wrapper.application; includeInIndex = 0; path = "NBA Statistics APP.app"; sourceTree = BUILT_PRODUCTS_DIR; };
		7154F34127FDE444004F199A /* AppDelegate.swift */ = {isa = PBXFileReference; lastKnownFileType = sourcecode.swift; path = AppDelegate.swift; sourceTree = "<group>"; };
		7154F34327FDE444004F199A /* SceneDelegate.swift */ = {isa = PBXFileReference; lastKnownFileType = sourcecode.swift; path = SceneDelegate.swift; sourceTree = "<group>"; };
		7154F34827FDE444004F199A /* Base */ = {isa = PBXFileReference; lastKnownFileType = file.storyboard; name = Base; path = Base.lproj/Main.storyboard; sourceTree = "<group>"; };
		7154F34B27FDE444004F199A /* NBA_Statistics_APP.xcdatamodel */ = {isa = PBXFileReference; lastKnownFileType = wrapper.xcdatamodel; path = NBA_Statistics_APP.xcdatamodel; sourceTree = "<group>"; };
		7154F34D27FDE44A004F199A /* Assets.xcassets */ = {isa = PBXFileReference; lastKnownFileType = folder.assetcatalog; path = Assets.xcassets; sourceTree = "<group>"; };
		7154F35027FDE44A004F199A /* Base */ = {isa = PBXFileReference; lastKnownFileType = file.storyboard; name = Base; path = Base.lproj/LaunchScreen.storyboard; sourceTree = "<group>"; };
		7154F35227FDE44A004F199A /* Info.plist */ = {isa = PBXFileReference; lastKnownFileType = text.plist.xml; path = Info.plist; sourceTree = "<group>"; };
		715E2232281DF96B006B3CB0 /* HudView.swift */ = {isa = PBXFileReference; lastKnownFileType = sourcecode.swift; path = HudView.swift; sourceTree = "<group>"; };
		715E2234281F3296006B3CB0 /* TeamDetailViewController.swift */ = {isa = PBXFileReference; lastKnownFileType = sourcecode.swift; path = TeamDetailViewController.swift; sourceTree = "<group>"; };
		715E2236281F4D12006B3CB0 /* SelectScheduleViewController.swift */ = {isa = PBXFileReference; lastKnownFileType = sourcecode.swift; path = SelectScheduleViewController.swift; sourceTree = "<group>"; };
		7180BF922811EED90008FF73 /* ScheduleViewController.swift */ = {isa = PBXFileReference; lastKnownFileType = sourcecode.swift; path = ScheduleViewController.swift; sourceTree = "<group>"; };
		7180BF942811EEFC0008FF73 /* ScheduleCell.swift */ = {isa = PBXFileReference; lastKnownFileType = sourcecode.swift; path = ScheduleCell.swift; sourceTree = "<group>"; };
		718E5B7B28183C70007C18B2 /* UIImageView+DownloadImage.swift */ = {isa = PBXFileReference; lastKnownFileType = sourcecode.swift; path = "UIImageView+DownloadImage.swift"; sourceTree = "<group>"; };
		7192E656281768A300482866 /* PlayerDetailViewController.swift */ = {isa = PBXFileReference; lastKnownFileType = sourcecode.swift; path = PlayerDetailViewController.swift; sourceTree = "<group>"; };
		71B882F7281B112C00664047 /* RememberTabBarController.swift */ = {isa = PBXFileReference; lastKnownFileType = sourcecode.swift; path = RememberTabBarController.swift; sourceTree = "<group>"; };
		71CFABC128079F5E005E5CCD /* PlayerViewController.swift */ = {isa = PBXFileReference; lastKnownFileType = sourcecode.swift; path = PlayerViewController.swift; sourceTree = "<group>"; };
		71CFABC52807A2E9005E5CCD /* PlayersCell.swift */ = {isa = PBXFileReference; lastKnownFileType = sourcecode.swift; path = PlayersCell.swift; sourceTree = "<group>"; };
		71E1E2DF2800FC1F001463E3 /* TeamCollectionViewController.swift */ = {isa = PBXFileReference; lastKnownFileType = sourcecode.swift; path = TeamCollectionViewController.swift; sourceTree = "<group>"; };
		71E1E2E12800FEC2001463E3 /* TeamCell.swift */ = {isa = PBXFileReference; lastKnownFileType = sourcecode.swift; path = TeamCell.swift; sourceTree = "<group>"; };
		71E1E2E328010189001463E3 /* SportsData.swift */ = {isa = PBXFileReference; lastKnownFileType = sourcecode.swift; path = SportsData.swift; sourceTree = "<group>"; };
		71E39BBC2818E833004FAD2F /* AlertScheduleViewController.swift */ = {isa = PBXFileReference; fileEncoding = 4; lastKnownFileType = sourcecode.swift; path = AlertScheduleViewController.swift; sourceTree = "<group>"; wrapsLines = 0; };
/* End PBXFileReference section */

/* Begin PBXFrameworksBuildPhase section */
		7154F33B27FDE444004F199A /* Frameworks */ = {
			isa = PBXFrameworksBuildPhase;
			buildActionMask = 2147483647;
			files = (
			);
			runOnlyForDeploymentPostprocessing = 0;
		};
/* End PBXFrameworksBuildPhase section */

/* Begin PBXGroup section */
		7146681928236A4800BD3579 /* Sound */ = {
			isa = PBXGroup;
			children = (
				7146681E2823701F00BD3579 /* StadiumChants.wav */,
				7146681C28236A8200BD3579 /* basketballHits.wav */,
			);
			path = Sound;
			sourceTree = "<group>";
		};
		7154F33527FDE444004F199A = {
			isa = PBXGroup;
			children = (
				7154F34027FDE444004F199A /* NBA Statistics APP */,
				7154F33F27FDE444004F199A /* Products */,
			);
			sourceTree = "<group>";
		};
		7154F33F27FDE444004F199A /* Products */ = {
			isa = PBXGroup;
			children = (
				7154F33E27FDE444004F199A /* NBA Statistics APP.app */,
			);
			name = Products;
			sourceTree = "<group>";
		};
		7154F34027FDE444004F199A /* NBA Statistics APP */ = {
			isa = PBXGroup;
			children = (
				7154F34127FDE444004F199A /* AppDelegate.swift */,
				7154F34327FDE444004F199A /* SceneDelegate.swift */,
				7154F34727FDE444004F199A /* Main.storyboard */,
				71B882F7281B112C00664047 /* RememberTabBarController.swift */,
				71C1133D2824125E00E78AC7 /* Teams Screens */,
				71C1133E282412BB00E78AC7 /* Players Screens */,
				71C1133F282412E400E78AC7 /* Schedule Games Screens */,
				718E5B7B28183C70007C18B2 /* UIImageView+DownloadImage.swift */,
				715E2232281DF96B006B3CB0 /* HudView.swift */,
				71E1E2E328010189001463E3 /* SportsData.swift */,
				7146681928236A4800BD3579 /* Sound */,
				7154F34D27FDE44A004F199A /* Assets.xcassets */,
				7154F34F27FDE44A004F199A /* LaunchScreen.storyboard */,
				7154F35227FDE44A004F199A /* Info.plist */,
				7154F34A27FDE444004F199A /* NBA_Statistics_APP.xcdatamodeld */,
			);
			path = "NBA Statistics APP";
			sourceTree = "<group>";
		};
		71C1133D2824125E00E78AC7 /* Teams Screens */ = {
			isa = PBXGroup;
			children = (
				71E1E2DF2800FC1F001463E3 /* TeamCollectionViewController.swift */,
				71E1E2E12800FEC2001463E3 /* TeamCell.swift */,
				715E2234281F3296006B3CB0 /* TeamDetailViewController.swift */,
				71466820282374C700BD3579 /* TeamPlayerCell.swift */,
			);
			path = "Teams Screens";
			sourceTree = "<group>";
		};
		71C1133E282412BB00E78AC7 /* Players Screens */ = {
			isa = PBXGroup;
			children = (
				71CFABC128079F5E005E5CCD /* PlayerViewController.swift */,
				71CFABC52807A2E9005E5CCD /* PlayersCell.swift */,
				7192E656281768A300482866 /* PlayerDetailViewController.swift */,
			);
			path = "Players Screens";
			sourceTree = "<group>";
		};
		71C1133F282412E400E78AC7 /* Schedule Games Screens */ = {
			isa = PBXGroup;
			children = (
				7180BF922811EED90008FF73 /* ScheduleViewController.swift */,
				7180BF942811EEFC0008FF73 /* ScheduleCell.swift */,
				71E39BBC2818E833004FAD2F /* AlertScheduleViewController.swift */,
				715E2236281F4D12006B3CB0 /* SelectScheduleViewController.swift */,
			);
			path = "Schedule Games Screens";
			sourceTree = "<group>";
		};
/* End PBXGroup section */

/* Begin PBXNativeTarget section */
		7154F33D27FDE444004F199A /* NBA Statistics APP */ = {
			isa = PBXNativeTarget;
			buildConfigurationList = 7154F35527FDE44A004F199A /* Build configuration list for PBXNativeTarget "NBA Statistics APP" */;
			buildPhases = (
				7154F33A27FDE444004F199A /* Sources */,
				7154F33B27FDE444004F199A /* Frameworks */,
				7154F33C27FDE444004F199A /* Resources */,
			);
			buildRules = (
			);
			dependencies = (
			);
			name = "NBA Statistics APP";
			productName = "NBA Statistics APP";
			productReference = 7154F33E27FDE444004F199A /* NBA Statistics APP.app */;
			productType = "com.apple.product-type.application";
		};
/* End PBXNativeTarget section */

/* Begin PBXProject section */
		7154F33627FDE444004F199A /* Project object */ = {
			isa = PBXProject;
			attributes = {
				BuildIndependentTargetsInParallel = 1;
				LastSwiftUpdateCheck = 1330;
				LastUpgradeCheck = 1330;
				TargetAttributes = {
					7154F33D27FDE444004F199A = {
						CreatedOnToolsVersion = 13.3;
					};
				};
			};
			buildConfigurationList = 7154F33927FDE444004F199A /* Build configuration list for PBXProject "NBA Statistics APP" */;
			compatibilityVersion = "Xcode 13.0";
			developmentRegion = en;
			hasScannedForEncodings = 0;
			knownRegions = (
				en,
				Base,
			);
			mainGroup = 7154F33527FDE444004F199A;
			productRefGroup = 7154F33F27FDE444004F199A /* Products */;
			projectDirPath = "";
			projectRoot = "";
			targets = (
				7154F33D27FDE444004F199A /* NBA Statistics APP */,
			);
		};
/* End PBXProject section */

/* Begin PBXResourcesBuildPhase section */
		7154F33C27FDE444004F199A /* Resources */ = {
			isa = PBXResourcesBuildPhase;
			buildActionMask = 2147483647;
			files = (
				7154F35127FDE44A004F199A /* LaunchScreen.storyboard in Resources */,
				7154F34E27FDE44A004F199A /* Assets.xcassets in Resources */,
				7154F34927FDE444004F199A /* Main.storyboard in Resources */,
				7146681F2823701F00BD3579 /* StadiumChants.wav in Resources */,
				7146681D28236A8200BD3579 /* basketballHits.wav in Resources */,
			);
			runOnlyForDeploymentPostprocessing = 0;
		};
/* End PBXResourcesBuildPhase section */

/* Begin PBXSourcesBuildPhase section */
		7154F33A27FDE444004F199A /* Sources */ = {
			isa = PBXSourcesBuildPhase;
			buildActionMask = 2147483647;
			files = (
				718E5B7C28183C70007C18B2 /* UIImageView+DownloadImage.swift in Sources */,
				71CFABC62807A2E9005E5CCD /* PlayersCell.swift in Sources */,
				715E2235281F3296006B3CB0 /* TeamDetailViewController.swift in Sources */,
				71E1E2E428010189001463E3 /* SportsData.swift in Sources */,
				71CFABC228079F5E005E5CCD /* PlayerViewController.swift in Sources */,
				7154F34227FDE444004F199A /* AppDelegate.swift in Sources */,
				7180BF932811EED90008FF73 /* ScheduleViewController.swift in Sources */,
				7154F34C27FDE444004F199A /* NBA_Statistics_APP.xcdatamodeld in Sources */,
				715E2237281F4D12006B3CB0 /* SelectScheduleViewController.swift in Sources */,
				71466821282374C700BD3579 /* TeamPlayerCell.swift in Sources */,
				71E1E2E22800FEC2001463E3 /* TeamCell.swift in Sources */,
				71B882F8281B112C00664047 /* RememberTabBarController.swift in Sources */,
				7180BF952811EEFC0008FF73 /* ScheduleCell.swift in Sources */,
				7192E657281768A300482866 /* PlayerDetailViewController.swift in Sources */,
				715E2233281DF96B006B3CB0 /* HudView.swift in Sources */,
				7154F34427FDE444004F199A /* SceneDelegate.swift in Sources */,
				71E39BBD2818E833004FAD2F /* AlertScheduleViewController.swift in Sources */,
				71E1E2E02800FC1F001463E3 /* TeamCollectionViewController.swift in Sources */,
			);
			runOnlyForDeploymentPostprocessing = 0;
		};
/* End PBXSourcesBuildPhase section */

/* Begin PBXVariantGroup section */
		7154F34727FDE444004F199A /* Main.storyboard */ = {
			isa = PBXVariantGroup;
			children = (
				7154F34827FDE444004F199A /* Base */,
			);
			name = Main.storyboard;
			sourceTree = "<group>";
		};
		7154F34F27FDE44A004F199A /* LaunchScreen.storyboard */ = {
			isa = PBXVariantGroup;
			children = (
				7154F35027FDE44A004F199A /* Base */,
			);
			name = LaunchScreen.storyboard;
			sourceTree = "<group>";
		};
/* End PBXVariantGroup section */

/* Begin XCBuildConfiguration section */
		7154F35327FDE44A004F199A /* Debug */ = {
			isa = XCBuildConfiguration;
			buildSettings = {
				ALWAYS_SEARCH_USER_PATHS = NO;
				CLANG_ANALYZER_NONNULL = YES;
				CLANG_ANALYZER_NUMBER_OBJECT_CONVERSION = YES_AGGRESSIVE;
				CLANG_CXX_LANGUAGE_STANDARD = "gnu++17";
				CLANG_ENABLE_MODULES = YES;
				CLANG_ENABLE_OBJC_ARC = YES;
				CLANG_ENABLE_OBJC_WEAK = YES;
				CLANG_WARN_BLOCK_CAPTURE_AUTORELEASING = YES;
				CLANG_WARN_BOOL_CONVERSION = YES;
				CLANG_WARN_COMMA = YES;
				CLANG_WARN_CONSTANT_CONVERSION = YES;
				CLANG_WARN_DEPRECATED_OBJC_IMPLEMENTATIONS = YES;
				CLANG_WARN_DIRECT_OBJC_ISA_USAGE = YES_ERROR;
				CLANG_WARN_DOCUMENTATION_COMMENTS = YES;
				CLANG_WARN_EMPTY_BODY = YES;
				CLANG_WARN_ENUM_CONVERSION = YES;
				CLANG_WARN_INFINITE_RECURSION = YES;
				CLANG_WARN_INT_CONVERSION = YES;
				CLANG_WARN_NON_LITERAL_NULL_CONVERSION = YES;
				CLANG_WARN_OBJC_IMPLICIT_RETAIN_SELF = YES;
				CLANG_WARN_OBJC_LITERAL_CONVERSION = YES;
				CLANG_WARN_OBJC_ROOT_CLASS = YES_ERROR;
				CLANG_WARN_QUOTED_INCLUDE_IN_FRAMEWORK_HEADER = YES;
				CLANG_WARN_RANGE_LOOP_ANALYSIS = YES;
				CLANG_WARN_STRICT_PROTOTYPES = YES;
				CLANG_WARN_SUSPICIOUS_MOVE = YES;
				CLANG_WARN_UNGUARDED_AVAILABILITY = YES_AGGRESSIVE;
				CLANG_WARN_UNREACHABLE_CODE = YES;
				CLANG_WARN__DUPLICATE_METHOD_MATCH = YES;
				COPY_PHASE_STRIP = NO;
				DEBUG_INFORMATION_FORMAT = dwarf;
				ENABLE_STRICT_OBJC_MSGSEND = YES;
				ENABLE_TESTABILITY = YES;
				GCC_C_LANGUAGE_STANDARD = gnu11;
				GCC_DYNAMIC_NO_PIC = NO;
				GCC_NO_COMMON_BLOCKS = YES;
				GCC_OPTIMIZATION_LEVEL = 0;
				GCC_PREPROCESSOR_DEFINITIONS = (
					"DEBUG=1",
					"$(inherited)",
				);
				GCC_WARN_64_TO_32_BIT_CONVERSION = YES;
				GCC_WARN_ABOUT_RETURN_TYPE = YES_ERROR;
				GCC_WARN_UNDECLARED_SELECTOR = YES;
				GCC_WARN_UNINITIALIZED_AUTOS = YES_AGGRESSIVE;
				GCC_WARN_UNUSED_FUNCTION = YES;
				GCC_WARN_UNUSED_VARIABLE = YES;
				IPHONEOS_DEPLOYMENT_TARGET = 15.4;
				MTL_ENABLE_DEBUG_INFO = INCLUDE_SOURCE;
				MTL_FAST_MATH = YES;
				ONLY_ACTIVE_ARCH = YES;
				SDKROOT = iphoneos;
				SWIFT_ACTIVE_COMPILATION_CONDITIONS = DEBUG;
				SWIFT_OPTIMIZATION_LEVEL = "-Onone";
			};
			name = Debug;
		};
		7154F35427FDE44A004F199A /* Release */ = {
			isa = XCBuildConfiguration;
			buildSettings = {
				ALWAYS_SEARCH_USER_PATHS = NO;
				CLANG_ANALYZER_NONNULL = YES;
				CLANG_ANALYZER_NUMBER_OBJECT_CONVERSION = YES_AGGRESSIVE;
				CLANG_CXX_LANGUAGE_STANDARD = "gnu++17";
				CLANG_ENABLE_MODULES = YES;
				CLANG_ENABLE_OBJC_ARC = YES;
				CLANG_ENABLE_OBJC_WEAK = YES;
				CLANG_WARN_BLOCK_CAPTURE_AUTORELEASING = YES;
				CLANG_WARN_BOOL_CONVERSION = YES;
				CLANG_WARN_COMMA = YES;
				CLANG_WARN_CONSTANT_CONVERSION = YES;
				CLANG_WARN_DEPRECATED_OBJC_IMPLEMENTATIONS = YES;
				CLANG_WARN_DIRECT_OBJC_ISA_USAGE = YES_ERROR;
				CLANG_WARN_DOCUMENTATION_COMMENTS = YES;
				CLANG_WARN_EMPTY_BODY = YES;
				CLANG_WARN_ENUM_CONVERSION = YES;
				CLANG_WARN_INFINITE_RECURSION = YES;
				CLANG_WARN_INT_CONVERSION = YES;
				CLANG_WARN_NON_LITERAL_NULL_CONVERSION = YES;
				CLANG_WARN_OBJC_IMPLICIT_RETAIN_SELF = YES;
				CLANG_WARN_OBJC_LITERAL_CONVERSION = YES;
				CLANG_WARN_OBJC_ROOT_CLASS = YES_ERROR;
				CLANG_WARN_QUOTED_INCLUDE_IN_FRAMEWORK_HEADER = YES;
				CLANG_WARN_RANGE_LOOP_ANALYSIS = YES;
				CLANG_WARN_STRICT_PROTOTYPES = YES;
				CLANG_WARN_SUSPICIOUS_MOVE = YES;
				CLANG_WARN_UNGUARDED_AVAILABILITY = YES_AGGRESSIVE;
				CLANG_WARN_UNREACHABLE_CODE = YES;
				CLANG_WARN__DUPLICATE_METHOD_MATCH = YES;
				COPY_PHASE_STRIP = NO;
				DEBUG_INFORMATION_FORMAT = "dwarf-with-dsym";
				ENABLE_NS_ASSERTIONS = NO;
				ENABLE_STRICT_OBJC_MSGSEND = YES;
				GCC_C_LANGUAGE_STANDARD = gnu11;
				GCC_NO_COMMON_BLOCKS = YES;
				GCC_WARN_64_TO_32_BIT_CONVERSION = YES;
				GCC_WARN_ABOUT_RETURN_TYPE = YES_ERROR;
				GCC_WARN_UNDECLARED_SELECTOR = YES;
				GCC_WARN_UNINITIALIZED_AUTOS = YES_AGGRESSIVE;
				GCC_WARN_UNUSED_FUNCTION = YES;
				GCC_WARN_UNUSED_VARIABLE = YES;
				IPHONEOS_DEPLOYMENT_TARGET = 15.4;
				MTL_ENABLE_DEBUG_INFO = NO;
				MTL_FAST_MATH = YES;
				SDKROOT = iphoneos;
				SWIFT_COMPILATION_MODE = wholemodule;
				SWIFT_OPTIMIZATION_LEVEL = "-O";
				VALIDATE_PRODUCT = YES;
			};
			name = Release;
		};
		7154F35627FDE44A004F199A /* Debug */ = {
			isa = XCBuildConfiguration;
			buildSettings = {
				ASSETCATALOG_COMPILER_APPICON_NAME = AppIcon;
				ASSETCATALOG_COMPILER_GLOBAL_ACCENT_COLOR_NAME = AccentColor;
				CODE_SIGN_STYLE = Automatic;
				CURRENT_PROJECT_VERSION = 1;
				DEVELOPMENT_TEAM = 27S3SA8QZ7;
				GENERATE_INFOPLIST_FILE = YES;
				INFOPLIST_FILE = "NBA Statistics APP/Info.plist";
				INFOPLIST_KEY_CFBundleDisplayName = "NBA Stats";
				INFOPLIST_KEY_UIApplicationSupportsIndirectInputEvents = YES;
				INFOPLIST_KEY_UILaunchStoryboardName = LaunchScreen;
				INFOPLIST_KEY_UIMainStoryboardFile = Main;
				INFOPLIST_KEY_UISupportedInterfaceOrientations = UIInterfaceOrientationPortrait;
				INFOPLIST_KEY_UISupportedInterfaceOrientations_iPad = "UIInterfaceOrientationPortrait UIInterfaceOrientationPortraitUpsideDown UIInterfaceOrientationLandscapeLeft UIInterfaceOrientationLandscapeRight";
				INFOPLIST_KEY_UISupportedInterfaceOrientations_iPhone = UIInterfaceOrientationPortrait;
				LD_RUNPATH_SEARCH_PATHS = (
					"$(inherited)",
					"@executable_path/Frameworks",
				);
				MARKETING_VERSION = 1.0;
				PRODUCT_BUNDLE_IDENTIFIER = "Ryan.Chevarria64.NBA-Statistics-APP";
				PRODUCT_NAME = "$(TARGET_NAME)";
				SWIFT_EMIT_LOC_STRINGS = YES;
				SWIFT_VERSION = 5.0;
				TARGETED_DEVICE_FAMILY = 1;
			};
			name = Debug;
		};
		7154F35727FDE44A004F199A /* Release */ = {
			isa = XCBuildConfiguration;
			buildSettings = {
				ASSETCATALOG_COMPILER_APPICON_NAME = AppIcon;
				ASSETCATALOG_COMPILER_GLOBAL_ACCENT_COLOR_NAME = AccentColor;
				CODE_SIGN_STYLE = Automatic;
				CURRENT_PROJECT_VERSION = 1;
				DEVELOPMENT_TEAM = 27S3SA8QZ7;
				GENERATE_INFOPLIST_FILE = YES;
				INFOPLIST_FILE = "NBA Statistics APP/Info.plist";
				INFOPLIST_KEY_CFBundleDisplayName = "NBA Stats";
				INFOPLIST_KEY_UIApplicationSupportsIndirectInputEvents = YES;
				INFOPLIST_KEY_UILaunchStoryboardName = LaunchScreen;
				INFOPLIST_KEY_UIMainStoryboardFile = Main;
				INFOPLIST_KEY_UISupportedInterfaceOrientations = UIInterfaceOrientationPortrait;
				INFOPLIST_KEY_UISupportedInterfaceOrientations_iPad = "UIInterfaceOrientationPortrait UIInterfaceOrientationPortraitUpsideDown UIInterfaceOrientationLandscapeLeft UIInterfaceOrientationLandscapeRight";
				INFOPLIST_KEY_UISupportedInterfaceOrientations_iPhone = UIInterfaceOrientationPortrait;
				LD_RUNPATH_SEARCH_PATHS = (
					"$(inherited)",
					"@executable_path/Frameworks",
				);
				MARKETING_VERSION = 1.0;
				PRODUCT_BUNDLE_IDENTIFIER = "Ryan.Chevarria64.NBA-Statistics-APP";
				PRODUCT_NAME = "$(TARGET_NAME)";
				SWIFT_EMIT_LOC_STRINGS = YES;
				SWIFT_VERSION = 5.0;
				TARGETED_DEVICE_FAMILY = 1;
			};
			name = Release;
		};
/* End XCBuildConfiguration section */

/* Begin XCConfigurationList section */
		7154F33927FDE444004F199A /* Build configuration list for PBXProject "NBA Statistics APP" */ = {
			isa = XCConfigurationList;
			buildConfigurations = (
				7154F35327FDE44A004F199A /* Debug */,
				7154F35427FDE44A004F199A /* Release */,
			);
			defaultConfigurationIsVisible = 0;
			defaultConfigurationName = Release;
		};
		7154F35527FDE44A004F199A /* Build configuration list for PBXNativeTarget "NBA Statistics APP" */ = {
			isa = XCConfigurationList;
			buildConfigurations = (
				7154F35627FDE44A004F199A /* Debug */,
				7154F35727FDE44A004F199A /* Release */,
			);
			defaultConfigurationIsVisible = 0;
			defaultConfigurationName = Release;
		};
/* End XCConfigurationList section */

/* Begin XCVersionGroup section */
		7154F34A27FDE444004F199A /* NBA_Statistics_APP.xcdatamodeld */ = {
			isa = XCVersionGroup;
			children = (
				7154F34B27FDE444004F199A /* NBA_Statistics_APP.xcdatamodel */,
			);
			currentVersion = 7154F34B27FDE444004F199A /* NBA_Statistics_APP.xcdatamodel */;
			path = NBA_Statistics_APP.xcdatamodeld;
			sourceTree = "<group>";
			versionGroupType = wrapper.xcdatamodel;
		};
/* End XCVersionGroup section */
	};
	rootObject = 7154F33627FDE444004F199A /* Project object */;
}
